// !$*UTF8*$!
{
	archiveVersion = 1;
	classes = {
	};
	objectVersion = 46;
	objects = {

/* Begin PBXBuildFile section */
		04375A261EB88A47009C9ADD /* AppDelegate.swift in Sources */ = {isa = PBXBuildFile; fileRef = 04375A251EB88A47009C9ADD /* AppDelegate.swift */; };
		04375A281EB88A47009C9ADD /* ViewController.swift in Sources */ = {isa = PBXBuildFile; fileRef = 04375A271EB88A47009C9ADD /* ViewController.swift */; };
		04375A2B1EB88A47009C9ADD /* Main.storyboard in Resources */ = {isa = PBXBuildFile; fileRef = 04375A291EB88A47009C9ADD /* Main.storyboard */; };
		04375A2D1EB88A47009C9ADD /* Assets.xcassets in Resources */ = {isa = PBXBuildFile; fileRef = 04375A2C1EB88A47009C9ADD /* Assets.xcassets */; };
		04375A301EB88A47009C9ADD /* LaunchScreen.storyboard in Resources */ = {isa = PBXBuildFile; fileRef = 04375A2E1EB88A47009C9ADD /* LaunchScreen.storyboard */; };
		04375A621EB8D475009C9ADD /* Artwork.swift in Sources */ = {isa = PBXBuildFile; fileRef = 04375A611EB8D475009C9ADD /* Artwork.swift */; };
		04375A681EB9CD20009C9ADD /* VCMapView.swift in Sources */ = {isa = PBXBuildFile; fileRef = 04375A671EB9CD20009C9ADD /* VCMapView.swift */; };
		04375A6E1EB9E1AE009C9ADD /* customButton.swift in Sources */ = {isa = PBXBuildFile; fileRef = 04375A6D1EB9E1AE009C9ADD /* customButton.swift */; };
		E29BD92F1EBCA3D1009C9132 /* CustomTextField.swift in Sources */ = {isa = PBXBuildFile; fileRef = E29BD92E1EBCA3D1009C9132 /* CustomTextField.swift */; };
		E2BEA4B81EBA33A900E47415 /* add.png in Resources */ = {isa = PBXBuildFile; fileRef = E2BEA4B71EBA33A900E47415 /* add.png */; };
		E2BEA4BA1EBA3AE600E47415 /* MyCustonColor.swift in Sources */ = {isa = PBXBuildFile; fileRef = E2BEA4B91EBA3AE600E47415 /* MyCustonColor.swift */; };
		E2D380AF1EBB517B0090A84F /* maps.png in Resources */ = {isa = PBXBuildFile; fileRef = E2D380AE1EBB517B0090A84F /* maps.png */; };
/* End PBXBuildFile section */

/* Begin PBXFileReference section */
		04375A221EB88A46009C9ADD /* alloDoc.app */ = {isa = PBXFileReference; explicitFileType = wrapper.application; includeInIndex = 0; path = alloDoc.app; sourceTree = BUILT_PRODUCTS_DIR; };
		04375A251EB88A47009C9ADD /* AppDelegate.swift */ = {isa = PBXFileReference; lastKnownFileType = sourcecode.swift; path = AppDelegate.swift; sourceTree = "<group>"; };
		04375A271EB88A47009C9ADD /* ViewController.swift */ = {isa = PBXFileReference; lastKnownFileType = sourcecode.swift; path = ViewController.swift; sourceTree = "<group>"; };
		04375A2A1EB88A47009C9ADD /* Base */ = {isa = PBXFileReference; lastKnownFileType = file.storyboard; name = Base; path = Base.lproj/Main.storyboard; sourceTree = "<group>"; };
		04375A2C1EB88A47009C9ADD /* Assets.xcassets */ = {isa = PBXFileReference; lastKnownFileType = folder.assetcatalog; path = Assets.xcassets; sourceTree = "<group>"; };
		04375A2F1EB88A47009C9ADD /* Base */ = {isa = PBXFileReference; lastKnownFileType = file.storyboard; name = Base; path = Base.lproj/LaunchScreen.storyboard; sourceTree = "<group>"; };
		04375A311EB88A47009C9ADD /* Info.plist */ = {isa = PBXFileReference; lastKnownFileType = text.plist.xml; path = Info.plist; sourceTree = "<group>"; };
		04375A611EB8D475009C9ADD /* Artwork.swift */ = {isa = PBXFileReference; fileEncoding = 4; lastKnownFileType = sourcecode.swift; path = Artwork.swift; sourceTree = "<group>"; };
		04375A671EB9CD20009C9ADD /* VCMapView.swift */ = {isa = PBXFileReference; fileEncoding = 4; lastKnownFileType = sourcecode.swift; path = VCMapView.swift; sourceTree = "<group>"; };
		04375A6D1EB9E1AE009C9ADD /* customButton.swift */ = {isa = PBXFileReference; fileEncoding = 4; lastKnownFileType = sourcecode.swift; path = customButton.swift; sourceTree = "<group>"; };
		E29BD92E1EBCA3D1009C9132 /* CustomTextField.swift */ = {isa = PBXFileReference; fileEncoding = 4; lastKnownFileType = sourcecode.swift; path = CustomTextField.swift; sourceTree = "<group>"; };
		E2BEA4B71EBA33A900E47415 /* add.png */ = {isa = PBXFileReference; lastKnownFileType = image.png; path = add.png; sourceTree = "<group>"; };
		E2BEA4B91EBA3AE600E47415 /* MyCustonColor.swift */ = {isa = PBXFileReference; fileEncoding = 4; lastKnownFileType = sourcecode.swift; path = MyCustonColor.swift; sourceTree = "<group>"; };
		E2D380AE1EBB517B0090A84F /* maps.png */ = {isa = PBXFileReference; lastKnownFileType = image.png; path = maps.png; sourceTree = "<group>"; };
/* End PBXFileReference section */

/* Begin PBXFrameworksBuildPhase section */
		04375A1F1EB88A46009C9ADD /* Frameworks */ = {
			isa = PBXFrameworksBuildPhase;
			buildActionMask = 2147483647;
			files = (
			);
			runOnlyForDeploymentPostprocessing = 0;
		};
/* End PBXFrameworksBuildPhase section */

/* Begin PBXGroup section */
		04375A191EB88A46009C9ADD = {
			isa = PBXGroup;
			children = (
				04375A241EB88A46009C9ADD /* alloDoc */,
				04375A231EB88A46009C9ADD /* Products */,
			);
			sourceTree = "<group>";
		};
		04375A231EB88A46009C9ADD /* Products */ = {
			isa = PBXGroup;
			children = (
				04375A221EB88A46009C9ADD /* alloDoc.app */,
			);
			name = Products;
			sourceTree = "<group>";
		};
		04375A241EB88A46009C9ADD /* alloDoc */ = {
			isa = PBXGroup;
			children = (
				04BE3DF71EBB1367001BBB39 /* controller */,
				04BE3DF61EBB1345001BBB39 /* myCustomFiles */,
				04BE3DF31EBB12B7001BBB39 /* img */,
				04375A251EB88A47009C9ADD /* AppDelegate.swift */,
				04375A611EB8D475009C9ADD /* Artwork.swift */,
				04375A291EB88A47009C9ADD /* Main.storyboard */,
				04375A2C1EB88A47009C9ADD /* Assets.xcassets */,
				04375A2E1EB88A47009C9ADD /* LaunchScreen.storyboard */,
				04375A311EB88A47009C9ADD /* Info.plist */,
				04375A671EB9CD20009C9ADD /* VCMapView.swift */,
			);
			path = alloDoc;
			sourceTree = "<group>";
		};
		04BE3DF31EBB12B7001BBB39 /* img */ = {
			isa = PBXGroup;
			children = (
				E2BEA4B71EBA33A900E47415 /* add.png */,
				E2D380AE1EBB517B0090A84F /* maps.png */,
			);
			name = img;
			sourceTree = "<group>";
		};
		04BE3DF61EBB1345001BBB39 /* myCustomFiles */ = {
			isa = PBXGroup;
			children = (
				04375A6D1EB9E1AE009C9ADD /* customButton.swift */,
				E2BEA4B91EBA3AE600E47415 /* MyCustonColor.swift */,
				E29BD92E1EBCA3D1009C9132 /* CustomTextField.swift */,
			);
			name = myCustomFiles;
			sourceTree = "<group>";
		};
		04BE3DF71EBB1367001BBB39 /* controller */ = {
			isa = PBXGroup;
			children = (
				04375A271EB88A47009C9ADD /* ViewController.swift */,
			);
			name = controller;
			sourceTree = "<group>";
		};
/* End PBXGroup section */

/* Begin PBXNativeTarget section */
		04375A211EB88A46009C9ADD /* alloDoc */ = {
			isa = PBXNativeTarget;
			buildConfigurationList = 04375A341EB88A47009C9ADD /* Build configuration list for PBXNativeTarget "alloDoc" */;
			buildPhases = (
				04375A1E1EB88A46009C9ADD /* Sources */,
				04375A1F1EB88A46009C9ADD /* Frameworks */,
				04375A201EB88A46009C9ADD /* Resources */,
			);
			buildRules = (
			);
			dependencies = (
			);
			name = alloDoc;
			productName = alloDoc;
			productReference = 04375A221EB88A46009C9ADD /* alloDoc.app */;
			productType = "com.apple.product-type.application";
		};
/* End PBXNativeTarget section */

/* Begin PBXProject section */
		04375A1A1EB88A46009C9ADD /* Project object */ = {
			isa = PBXProject;
			attributes = {
				LastSwiftUpdateCheck = 0830;
				LastUpgradeCheck = 0830;
				ORGANIZATIONNAME = mac;
				TargetAttributes = {
					04375A211EB88A46009C9ADD = {
						CreatedOnToolsVersion = 8.3.2;
						ProvisioningStyle = Manual;
					};
				};
			};
			buildConfigurationList = 04375A1D1EB88A46009C9ADD /* Build configuration list for PBXProject "alloDoc" */;
			compatibilityVersion = "Xcode 3.2";
			developmentRegion = English;
			hasScannedForEncodings = 0;
			knownRegions = (
				en,
				Base,
			);
			mainGroup = 04375A191EB88A46009C9ADD;
			productRefGroup = 04375A231EB88A46009C9ADD /* Products */;
			projectDirPath = "";
			projectRoot = "";
			targets = (
				04375A211EB88A46009C9ADD /* alloDoc */,
			);
		};
/* End PBXProject section */

/* Begin PBXResourcesBuildPhase section */
		04375A201EB88A46009C9ADD /* Resources */ = {
			isa = PBXResourcesBuildPhase;
			buildActionMask = 2147483647;
			files = (
				04375A301EB88A47009C9ADD /* LaunchScreen.storyboard in Resources */,
				E2D380AF1EBB517B0090A84F /* maps.png in Resources */,
				04375A2D1EB88A47009C9ADD /* Assets.xcassets in Resources */,
				04375A2B1EB88A47009C9ADD /* Main.storyboard in Resources */,
				E2BEA4B81EBA33A900E47415 /* add.png in Resources */,
			);
			runOnlyForDeploymentPostprocessing = 0;
		};
/* End PBXResourcesBuildPhase section */

/* Begin PBXSourcesBuildPhase section */
		04375A1E1EB88A46009C9ADD /* Sources */ = {
			isa = PBXSourcesBuildPhase;
			buildActionMask = 2147483647;
			files = (
				E29BD92F1EBCA3D1009C9132 /* CustomTextField.swift in Sources */,
				04375A681EB9CD20009C9ADD /* VCMapView.swift in Sources */,
				04375A281EB88A47009C9ADD /* ViewController.swift in Sources */,
				04375A621EB8D475009C9ADD /* Artwork.swift in Sources */,
				04375A261EB88A47009C9ADD /* AppDelegate.swift in Sources */,
				04375A6E1EB9E1AE009C9ADD /* customButton.swift in Sources */,
				E2BEA4BA1EBA3AE600E47415 /* MyCustonColor.swift in Sources */,
			);
			runOnlyForDeploymentPostprocessing = 0;
		};
/* End PBXSourcesBuildPhase section */

/* Begin PBXVariantGroup section */
		04375A291EB88A47009C9ADD /* Main.storyboard */ = {
			isa = PBXVariantGroup;
			children = (
				04375A2A1EB88A47009C9ADD /* Base */,
			);
			name = Main.storyboard;
			sourceTree = "<group>";
		};
		04375A2E1EB88A47009C9ADD /* LaunchScreen.storyboard */ = {
			isa = PBXVariantGroup;
			children = (
				04375A2F1EB88A47009C9ADD /* Base */,
			);
			name = LaunchScreen.storyboard;
			sourceTree = "<group>";
		};
/* End PBXVariantGroup section */

/* Begin XCBuildConfiguration section */
		04375A321EB88A47009C9ADD /* Debug */ = {
			isa = XCBuildConfiguration;
			buildSettings = {
				ALWAYS_SEARCH_USER_PATHS = NO;
				CLANG_ANALYZER_NONNULL = YES;
				CLANG_ANALYZER_NUMBER_OBJECT_CONVERSION = YES_AGGRESSIVE;
				CLANG_CXX_LANGUAGE_STANDARD = "gnu++0x";
				CLANG_CXX_LIBRARY = "libc++";
				CLANG_ENABLE_MODULES = YES;
				CLANG_ENABLE_OBJC_ARC = YES;
				CLANG_WARN_BOOL_CONVERSION = YES;
				CLANG_WARN_CONSTANT_CONVERSION = YES;
				CLANG_WARN_DIRECT_OBJC_ISA_USAGE = YES_ERROR;
				CLANG_WARN_DOCUMENTATION_COMMENTS = YES;
				CLANG_WARN_EMPTY_BODY = YES;
				CLANG_WARN_ENUM_CONVERSION = YES;
				CLANG_WARN_INFINITE_RECURSION = YES;
				CLANG_WARN_INT_CONVERSION = YES;
				CLANG_WARN_OBJC_ROOT_CLASS = YES_ERROR;
				CLANG_WARN_SUSPICIOUS_MOVE = YES;
				CLANG_WARN_UNREACHABLE_CODE = YES;
				CLANG_WARN__DUPLICATE_METHOD_MATCH = YES;
				"CODE_SIGN_IDENTITY[sdk=iphoneos*]" = "iPhone Developer";
				COPY_PHASE_STRIP = NO;
				DEBUG_INFORMATION_FORMAT = dwarf;
				ENABLE_STRICT_OBJC_MSGSEND = YES;
				ENABLE_TESTABILITY = YES;
				GCC_C_LANGUAGE_STANDARD = gnu99;
				GCC_DYNAMIC_NO_PIC = NO;
				GCC_NO_COMMON_BLOCKS = YES;
				GCC_OPTIMIZATION_LEVEL = 0;
				GCC_PREPROCESSOR_DEFINITIONS = (
					"DEBUG=1",
					"$(inherited)",
				);
				GCC_WARN_64_TO_32_BIT_CONVERSION = YES;
				GCC_WARN_ABOUT_RETURN_TYPE = YES_ERROR;
				GCC_WARN_UNDECLARED_SELECTOR = YES;
				GCC_WARN_UNINITIALIZED_AUTOS = YES_AGGRESSIVE;
				GCC_WARN_UNUSED_FUNCTION = YES;
				GCC_WARN_UNUSED_VARIABLE = YES;
				IPHONEOS_DEPLOYMENT_TARGET = 10.3;
				MTL_ENABLE_DEBUG_INFO = YES;
				ONLY_ACTIVE_ARCH = YES;
				SDKROOT = iphoneos;
				SWIFT_ACTIVE_COMPILATION_CONDITIONS = DEBUG;
				SWIFT_OPTIMIZATION_LEVEL = "-Onone";
			};
			name = Debug;
		};
		04375A331EB88A47009C9ADD /* Release */ = {
			isa = XCBuildConfiguration;
			buildSettings = {
				ALWAYS_SEARCH_USER_PATHS = NO;
				CLANG_ANALYZER_NONNULL = YES;
				CLANG_ANALYZER_NUMBER_OBJECT_CONVERSION = YES_AGGRESSIVE;
				CLANG_CXX_LANGUAGE_STANDARD = "gnu++0x";
				CLANG_CXX_LIBRARY = "libc++";
				CLANG_ENABLE_MODULES = YES;
				CLANG_ENABLE_OBJC_ARC = YES;
				CLANG_WARN_BOOL_CONVERSION = YES;
				CLANG_WARN_CONSTANT_CONVERSION = YES;
				CLANG_WARN_DIRECT_OBJC_ISA_USAGE = YES_ERROR;
				CLANG_WARN_DOCUMENTATION_COMMENTS = YES;
				CLANG_WARN_EMPTY_BODY = YES;
				CLANG_WARN_ENUM_CONVERSION = YES;
				CLANG_WARN_INFINITE_RECURSION = YES;
				CLANG_WARN_INT_CONVERSION = YES;
				CLANG_WARN_OBJC_ROOT_CLASS = YES_ERROR;
				CLANG_WARN_SUSPICIOUS_MOVE = YES;
				CLANG_WARN_UNREACHABLE_CODE = YES;
				CLANG_WARN__DUPLICATE_METHOD_MATCH = YES;
				"CODE_SIGN_IDENTITY[sdk=iphoneos*]" = "iPhone Developer";
				COPY_PHASE_STRIP = NO;
				DEBUG_INFORMATION_FORMAT = "dwarf-with-dsym";
				ENABLE_NS_ASSERTIONS = NO;
				ENABLE_STRICT_OBJC_MSGSEND = YES;
				GCC_C_LANGUAGE_STANDARD = gnu99;
				GCC_NO_COMMON_BLOCKS = YES;
				GCC_WARN_64_TO_32_BIT_CONVERSION = YES;
				GCC_WARN_ABOUT_RETURN_TYPE = YES_ERROR;
				GCC_WARN_UNDECLARED_SELECTOR = YES;
				GCC_WARN_UNINITIALIZED_AUTOS = YES_AGGRESSIVE;
				GCC_WARN_UNUSED_FUNCTION = YES;
				GCC_WARN_UNUSED_VARIABLE = YES;
				IPHONEOS_DEPLOYMENT_TARGET = 10.3;
				MTL_ENABLE_DEBUG_INFO = NO;
				SDKROOT = iphoneos;
				SWIFT_OPTIMIZATION_LEVEL = "-Owholemodule";
				VALIDATE_PRODUCT = YES;
			};
			name = Release;
		};
		04375A351EB88A47009C9ADD /* Debug */ = {
			isa = XCBuildConfiguration;
			buildSettings = {
				ASSETCATALOG_COMPILER_APPICON_NAME = AppIcon;
				DEVELOPMENT_TEAM = "";
				INFOPLIST_FILE = alloDoc/Info.plist;
				LD_RUNPATH_SEARCH_PATHS = "$(inherited) @executable_path/Frameworks";
				PRODUCT_BUNDLE_IDENTIFIER = afpa.alloDoc;
				PRODUCT_NAME = "$(TARGET_NAME)";
				PROVISIONING_PROFILE_SPECIFIER = "";
				SWIFT_VERSION = 3.0;
			};
			name = Debug;
		};
		04375A361EB88A47009C9ADD /* Release */ = {
			isa = XCBuildConfiguration;
			buildSettings = {
				ASSETCATALOG_COMPILER_APPICON_NAME = AppIcon;
				DEVELOPMENT_TEAM = "";
				INFOPLIST_FILE = alloDoc/Info.plist;
				LD_RUNPATH_SEARCH_PATHS = "$(inherited) @executable_path/Frameworks";
				PRODUCT_BUNDLE_IDENTIFIER = afpa.alloDoc;
				PRODUCT_NAME = "$(TARGET_NAME)";
				PROVISIONING_PROFILE_SPECIFIER = "";
				SWIFT_VERSION = 3.0;
			};
			name = Release;
		};
/* End XCBuildConfiguration section */

/* Begin XCConfigurationList section */
		04375A1D1EB88A46009C9ADD /* Build configuration list for PBXProject "alloDoc" */ = {
			isa = XCConfigurationList;
			buildConfigurations = (
				04375A321EB88A47009C9ADD /* Debug */,
				04375A331EB88A47009C9ADD /* Release */,
			);
			defaultConfigurationIsVisible = 0;
			defaultConfigurationName = Release;
		};
		04375A341EB88A47009C9ADD /* Build configuration list for PBXNativeTarget "alloDoc" */ = {
			isa = XCConfigurationList;
			buildConfigurations = (
				04375A351EB88A47009C9ADD /* Debug */,
				04375A361EB88A47009C9ADD /* Release */,
			);
			defaultConfigurationIsVisible = 0;
			defaultConfigurationName = Release;
		};
/* End XCConfigurationList section */
	};
	rootObject = 04375A1A1EB88A46009C9ADD /* Project object */;
}
